Microsoft Visual Studio Solution File, Format Version 12.00
# Visual Studio Version 17
VisualStudioVersion = 17.5.2.0
MinimumVisualStudioVersion = 10.0.40219.1
Project("{FAE04EC0-301F-11D3-BF4B-00C04F79EFBC}") = "Projetos_C_sharp", "OBJETOS\Projetos_C_sharp.csproj", "{F94C2FD6-E180-3A7B-5F7E-CAECEB4F34BA}"
EndProject
Global
	GlobalSection(SolutionConfigurationPlatforms) = preSolution
		Debug|Any CPU = Debug|Any CPU
		Release|Any CPU = Release|Any CPU
	EndGlobalSection
	GlobalSection(ProjectConfigurationPlatforms) = postSolution
		{F94C2FD6-E180-3A7B-5F7E-CAECEB4F34BA}.Debug|Any CPU.ActiveCfg = Debug|Any CPU
		{F94C2FD6-E180-3A7B-5F7E-CAECEB4F34BA}.Debug|Any CPU.Build.0 = Debug|Any CPU
		{F94C2FD6-E180-3A7B-5F7E-CAECEB4F34BA}.Release|Any CPU.ActiveCfg = Release|Any CPU
		{F94C2FD6-E180-3A7B-5F7E-CAECEB4F34BA}.Release|Any CPU.Build.0 = Release|Any CPU
	EndGlobalSection
	GlobalSection(SolutionProperties) = preSolution
		HideSolutionNode = FALSE
	EndGlobalSection
	GlobalSection(ExtensibilityGlobals) = postSolution
		SolutionGuid = {12CC67FA-6BDC-4854-A108-6C3ACF7472E3}
	EndGlobalSection
EndGlobal
